
Microsoft Visual Studio Solution File, Format Version 12.00
# Visual Studio 2013
Project("{FAE04EC0-301F-11D3-BF4B-00C04F79EFBC}") = "UnityVS.Tower Defence.CSharp.Plugins", "UnityVS.Tower Defence.CSharp.Plugins.csproj", "{E2A4DDE5-5914-B0BB-BC69-D42F1447682C}"
EndProject
Project("{FAE04EC0-301F-11D3-BF4B-00C04F79EFBC}") = "UnityVS.Tower Defence.CSharp", "UnityVS.Tower Defence.CSharp.csproj", "{4D58CAB7-60A7-1C9B-7733-0F7707FDBC70}"
EndProject
Project("{FAE04EC0-301F-11D3-BF4B-00C04F79EFBC}") = "UnityVS.Tower Defence.CSharp.Editor", "UnityVS.Tower Defence.CSharp.Editor.csproj", "{340A8273-9958-92CE-6420-588087AA3215}"
EndProject
Global
	GlobalSection(SolutionConfigurationPlatforms) = preSolution
		Debug|Any CPU = Debug|Any CPU
		Release|Any CPU = Release|Any CPU
	EndGlobalSection
	GlobalSection(ProjectConfigurationPlatforms) = postSolution
		{E2A4DDE5-5914-B0BB-BC69-D42F1447682C}.Debug|Any CPU.ActiveCfg = Debug|Any CPU
		{E2A4DDE5-5914-B0BB-BC69-D42F1447682C}.Debug|Any CPU.Build.0 = Debug|Any CPU
		{E2A4DDE5-5914-B0BB-BC69-D42F1447682C}.Release|Any CPU.ActiveCfg = Release|Any CPU
		{E2A4DDE5-5914-B0BB-BC69-D42F1447682C}.Release|Any CPU.Build.0 = Release|Any CPU
		{4D58CAB7-60A7-1C9B-7733-0F7707FDBC70}.Debug|Any CPU.ActiveCfg = Debug|Any CPU
		{4D58CAB7-60A7-1C9B-7733-0F7707FDBC70}.Debug|Any CPU.Build.0 = Debug|Any CPU
		{4D58CAB7-60A7-1C9B-7733-0F7707FDBC70}.Release|Any CPU.ActiveCfg = Release|Any CPU
		{4D58CAB7-60A7-1C9B-7733-0F7707FDBC70}.Release|Any CPU.Build.0 = Release|Any CPU
		{340A8273-9958-92CE-6420-588087AA3215}.Debug|Any CPU.ActiveCfg = Debug|Any CPU
		{340A8273-9958-92CE-6420-588087AA3215}.Debug|Any CPU.Build.0 = Debug|Any CPU
		{340A8273-9958-92CE-6420-588087AA3215}.Release|Any CPU.ActiveCfg = Release|Any CPU
		{340A8273-9958-92CE-6420-588087AA3215}.Release|Any CPU.Build.0 = Release|Any CPU
	EndGlobalSection
	GlobalSection(SolutionProperties) = preSolution
		HideSolutionNode = FALSE
	EndGlobalSection
EndGlobal
